// !$*UTF8*$!
{
	archiveVersion = 1;
	classes = {
	};
	objectVersion = 46;
	objects = {

/* Begin PBXBuildFile section */
		B8EED1BD1DB79C3800B9DAFE /* AppDelegate.swift in Sources */ = {isa = PBXBuildFile; fileRef = B8EED1BC1DB79C3800B9DAFE /* AppDelegate.swift */; };
		B8EED1BF1DB79C3800B9DAFE /* ViewController.swift in Sources */ = {isa = PBXBuildFile; fileRef = B8EED1BE1DB79C3800B9DAFE /* ViewController.swift */; };
		B8EED1C21DB79C3800B9DAFE /* Main.storyboard in Resources */ = {isa = PBXBuildFile; fileRef = B8EED1C01DB79C3800B9DAFE /* Main.storyboard */; };
		B8EED1C41DB79C3800B9DAFE /* Assets.xcassets in Resources */ = {isa = PBXBuildFile; fileRef = B8EED1C31DB79C3800B9DAFE /* Assets.xcassets */; };
		B8EED1C71DB79C3800B9DAFE /* LaunchScreen.storyboard in Resources */ = {isa = PBXBuildFile; fileRef = B8EED1C51DB79C3800B9DAFE /* LaunchScreen.storyboard */; };
/* End PBXBuildFile section */

/* Begin PBXFileReference section */
		B8EED1B91DB79C3800B9DAFE /* CodeHomeWork.app */ = {isa = PBXFileReference; explicitFileType = wrapper.application; includeInIndex = 0; path = CodeHomeWork.app; sourceTree = BUILT_PRODUCTS_DIR; };
		B8EED1BC1DB79C3800B9DAFE /* AppDelegate.swift */ = {isa = PBXFileReference; lastKnownFileType = sourcecode.swift; path = AppDelegate.swift; sourceTree = "<group>"; };
		B8EED1BE1DB79C3800B9DAFE /* ViewController.swift */ = {isa = PBXFileReference; lastKnownFileType = sourcecode.swift; path = ViewController.swift; sourceTree = "<group>"; };
		B8EED1C11DB79C3800B9DAFE /* Base */ = {isa = PBXFileReference; lastKnownFileType = file.storyboard; name = Base; path = Base.lproj/Main.storyboard; sourceTree = "<group>"; };
		B8EED1C31DB79C3800B9DAFE /* Assets.xcassets */ = {isa = PBXFileReference; lastKnownFileType = folder.assetcatalog; path = Assets.xcassets; sourceTree = "<group>"; };
		B8EED1C61DB79C3800B9DAFE /* Base */ = {isa = PBXFileReference; lastKnownFileType = file.storyboard; name = Base; path = Base.lproj/LaunchScreen.storyboard; sourceTree = "<group>"; };
		B8EED1C81DB79C3800B9DAFE /* Info.plist */ = {isa = PBXFileReference; lastKnownFileType = text.plist.xml; path = Info.plist; sourceTree = "<group>"; };
		B8EED1CE1DB79C4800B9DAFE /* HomeWork.playground */ = {isa = PBXFileReference; lastKnownFileType = file.playground; path = HomeWork.playground; sourceTree = "<group>"; };
/* End PBXFileReference section */

/* Begin PBXFrameworksBuildPhase section */
		B8EED1B61DB79C3800B9DAFE /* Frameworks */ = {
			isa = PBXFrameworksBuildPhase;
			buildActionMask = 2147483647;
			files = (
			);
			runOnlyForDeploymentPostprocessing = 0;
		};
/* End PBXFrameworksBuildPhase section */

/* Begin PBXGroup section */
		B8EED1B01DB79C3800B9DAFE = {
			isa = PBXGroup;
			children = (
				B8EED1CE1DB79C4800B9DAFE /* HomeWork.playground */,
				B8EED1BB1DB79C3800B9DAFE /* CodeHomeWork */,
				B8EED1BA1DB79C3800B9DAFE /* Products */,
			);
			sourceTree = "<group>";
		};
		B8EED1BA1DB79C3800B9DAFE /* Products */ = {
			isa = PBXGroup;
			children = (
				B8EED1B91DB79C3800B9DAFE /* CodeHomeWork.app */,
			);
			name = Products;
			sourceTree = "<group>";
		};
		B8EED1BB1DB79C3800B9DAFE /* CodeHomeWork */ = {
			isa = PBXGroup;
			children = (
				B8EED1BC1DB79C3800B9DAFE /* AppDelegate.swift */,
				B8EED1BE1DB79C3800B9DAFE /* ViewController.swift */,
				B8EED1C01DB79C3800B9DAFE /* Main.storyboard */,
				B8EED1C31DB79C3800B9DAFE /* Assets.xcassets */,
				B8EED1C51DB79C3800B9DAFE /* LaunchScreen.storyboard */,
				B8EED1C81DB79C3800B9DAFE /* Info.plist */,
			);
			path = CodeHomeWork;
			sourceTree = "<group>";
		};
/* End PBXGroup section */

/* Begin PBXNativeTarget section */
		B8EED1B81DB79C3800B9DAFE /* CodeHomeWork */ = {
			isa = PBXNativeTarget;
			buildConfigurationList = B8EED1CB1DB79C3800B9DAFE /* Build configuration list for PBXNativeTarget "CodeHomeWork" */;
			buildPhases = (
				B8EED1B51DB79C3800B9DAFE /* Sources */,
				B8EED1B61DB79C3800B9DAFE /* Frameworks */,
				B8EED1B71DB79C3800B9DAFE /* Resources */,
			);
			buildRules = (
			);
			dependencies = (
			);
			name = CodeHomeWork;
			productName = CodeHomeWork;
			productReference = B8EED1B91DB79C3800B9DAFE /* CodeHomeWork.app */;
			productType = "com.apple.product-type.application";
		};
/* End PBXNativeTarget section */

/* Begin PBXProject section */
		B8EED1B11DB79C3800B9DAFE /* Project object */ = {
			isa = PBXProject;
			attributes = {
				LastSwiftUpdateCheck = 0800;
				LastUpgradeCheck = 0800;
				ORGANIZATIONNAME = "林暐潔";
				TargetAttributes = {
					B8EED1B81DB79C3800B9DAFE = {
						CreatedOnToolsVersion = 8.0;
						DevelopmentTeam = KYSS7X6B2V;
						ProvisioningStyle = Automatic;
					};
				};
			};
			buildConfigurationList = B8EED1B41DB79C3800B9DAFE /* Build configuration list for PBXProject "CodeHomeWork" */;
			compatibilityVersion = "Xcode 3.2";
			developmentRegion = English;
			hasScannedForEncodings = 0;
			knownRegions = (
				en,
				Base,
			);
			mainGroup = B8EED1B01DB79C3800B9DAFE;
			productRefGroup = B8EED1BA1DB79C3800B9DAFE /* Products */;
			projectDirPath = "";
			projectRoot = "";
			targets = (
				B8EED1B81DB79C3800B9DAFE /* CodeHomeWork */,
			);
		};
/* End PBXProject section */

/* Begin PBXResourcesBuildPhase section */
		B8EED1B71DB79C3800B9DAFE /* Resources */ = {
			isa = PBXResourcesBuildPhase;
			buildActionMask = 2147483647;
			files = (
				B8EED1C71DB79C3800B9DAFE /* LaunchScreen.storyboard in Resources */,
				B8EED1C41DB79C3800B9DAFE /* Assets.xcassets in Resources */,
				B8EED1C21DB79C3800B9DAFE /* Main.storyboard in Resources */,
			);
			runOnlyForDeploymentPostprocessing = 0;
		};
/* End PBXResourcesBuildPhase section */

/* Begin PBXSourcesBuildPhase section */
		B8EED1B51DB79C3800B9DAFE /* Sources */ = {
			isa = PBXSourcesBuildPhase;
			buildActionMask = 2147483647;
			files = (
				B8EED1BF1DB79C3800B9DAFE /* ViewController.swift in Sources */,
				B8EED1BD1DB79C3800B9DAFE /* AppDelegate.swift in Sources */,
			);
			runOnlyForDeploymentPostprocessing = 0;
		};
/* End PBXSourcesBuildPhase section */

/* Begin PBXVariantGroup section */
		B8EED1C01DB79C3800B9DAFE /* Main.storyboard */ = {
			isa = PBXVariantGroup;
			children = (
				B8EED1C11DB79C3800B9DAFE /* Base */,
			);
			name = Main.storyboard;
			sourceTree = "<group>";
		};
		B8EED1C51DB79C3800B9DAFE /* LaunchScreen.storyboard */ = {
			isa = PBXVariantGroup;
			children = (
				B8EED1C61DB79C3800B9DAFE /* Base */,
			);
			name = LaunchScreen.storyboard;
			sourceTree = "<group>";
		};
/* End PBXVariantGroup section */

/* Begin XCBuildConfiguration section */
		B8EED1C91DB79C3800B9DAFE /* Debug */ = {
			isa = XCBuildConfiguration;
			buildSettings = {
				ALWAYS_SEARCH_USER_PATHS = NO;
				CLANG_ANALYZER_NONNULL = YES;
				CLANG_CXX_LANGUAGE_STANDARD = "gnu++0x";
				CLANG_CXX_LIBRARY = "libc++";
				CLANG_ENABLE_MODULES = YES;
				CLANG_ENABLE_OBJC_ARC = YES;
				CLANG_WARN_BOOL_CONVERSION = YES;
				CLANG_WARN_CONSTANT_CONVERSION = YES;
				CLANG_WARN_DIRECT_OBJC_ISA_USAGE = YES_ERROR;
				CLANG_WARN_DOCUMENTATION_COMMENTS = YES;
				CLANG_WARN_EMPTY_BODY = YES;
				CLANG_WARN_ENUM_CONVERSION = YES;
				CLANG_WARN_INFINITE_RECURSION = YES;
				CLANG_WARN_INT_CONVERSION = YES;
				CLANG_WARN_OBJC_ROOT_CLASS = YES_ERROR;
				CLANG_WARN_SUSPICIOUS_MOVES = YES;
				CLANG_WARN_UNREACHABLE_CODE = YES;
				CLANG_WARN__DUPLICATE_METHOD_MATCH = YES;
				"CODE_SIGN_IDENTITY[sdk=iphoneos*]" = "iPhone Developer";
				COPY_PHASE_STRIP = NO;
				DEBUG_INFORMATION_FORMAT = dwarf;
				ENABLE_STRICT_OBJC_MSGSEND = YES;
				ENABLE_TESTABILITY = YES;
				GCC_C_LANGUAGE_STANDARD = gnu99;
				GCC_DYNAMIC_NO_PIC = NO;
				GCC_NO_COMMON_BLOCKS = YES;
				GCC_OPTIMIZATION_LEVEL = 0;
				GCC_PREPROCESSOR_DEFINITIONS = (
					"DEBUG=1",
					"$(inherited)",
				);
				GCC_WARN_64_TO_32_BIT_CONVERSION = YES;
				GCC_WARN_ABOUT_RETURN_TYPE = YES_ERROR;
				GCC_WARN_UNDECLARED_SELECTOR = YES;
				GCC_WARN_UNINITIALIZED_AUTOS = YES_AGGRESSIVE;
				GCC_WARN_UNUSED_FUNCTION = YES;
				GCC_WARN_UNUSED_VARIABLE = YES;
				IPHONEOS_DEPLOYMENT_TARGET = 10.0;
				MTL_ENABLE_DEBUG_INFO = YES;
				ONLY_ACTIVE_ARCH = YES;
				SDKROOT = iphoneos;
				SWIFT_ACTIVE_COMPILATION_CONDITIONS = DEBUG;
				SWIFT_OPTIMIZATION_LEVEL = "-Onone";
			};
			name = Debug;
		};
		B8EED1CA1DB79C3800B9DAFE /* Release */ = {
			isa = XCBuildConfiguration;
			buildSettings = {
				ALWAYS_SEARCH_USER_PATHS = NO;
				CLANG_ANALYZER_NONNULL = YES;
				CLANG_CXX_LANGUAGE_STANDARD = "gnu++0x";
				CLANG_CXX_LIBRARY = "libc++";
				CLANG_ENABLE_MODULES = YES;
				CLANG_ENABLE_OBJC_ARC = YES;
				CLANG_WARN_BOOL_CONVERSION = YES;
				CLANG_WARN_CONSTANT_CONVERSION = YES;
				CLANG_WARN_DIRECT_OBJC_ISA_USAGE = YES_ERROR;
				CLANG_WARN_DOCUMENTATION_COMMENTS = YES;
				CLANG_WARN_EMPTY_BODY = YES;
				CLANG_WARN_ENUM_CONVERSION = YES;
				CLANG_WARN_INFINITE_RECURSION = YES;
				CLANG_WARN_INT_CONVERSION = YES;
				CLANG_WARN_OBJC_ROOT_CLASS = YES_ERROR;
				CLANG_WARN_SUSPICIOUS_MOVES = YES;
				CLANG_WARN_UNREACHABLE_CODE = YES;
				CLANG_WARN__DUPLICATE_METHOD_MATCH = YES;
				"CODE_SIGN_IDENTITY[sdk=iphoneos*]" = "iPhone Developer";
				COPY_PHASE_STRIP = NO;
				DEBUG_INFORMATION_FORMAT = "dwarf-with-dsym";
				ENABLE_NS_ASSERTIONS = NO;
				ENABLE_STRICT_OBJC_MSGSEND = YES;
				GCC_C_LANGUAGE_STANDARD = gnu99;
				GCC_NO_COMMON_BLOCKS = YES;
				GCC_WARN_64_TO_32_BIT_CONVERSION = YES;
				GCC_WARN_ABOUT_RETURN_TYPE = YES_ERROR;
				GCC_WARN_UNDECLARED_SELECTOR = YES;
				GCC_WARN_UNINITIALIZED_AUTOS = YES_AGGRESSIVE;
				GCC_WARN_UNUSED_FUNCTION = YES;
				GCC_WARN_UNUSED_VARIABLE = YES;
				IPHONEOS_DEPLOYMENT_TARGET = 10.0;
				MTL_ENABLE_DEBUG_INFO = NO;
				SDKROOT = iphoneos;
				SWIFT_OPTIMIZATION_LEVEL = "-Owholemodule";
				VALIDATE_PRODUCT = YES;
			};
			name = Release;
		};
		B8EED1CC1DB79C3800B9DAFE /* Debug */ = {
			isa = XCBuildConfiguration;
			buildSettings = {
				ASSETCATALOG_COMPILER_APPICON_NAME = AppIcon;
				DEVELOPMENT_TEAM = KYSS7X6B2V;
				INFOPLIST_FILE = CodeHomeWork/Info.plist;
				LD_RUNPATH_SEARCH_PATHS = "$(inherited) @executable_path/Frameworks";
				PRODUCT_BUNDLE_IDENTIFIER = com.Jay.CodeHomeWork;
				PRODUCT_NAME = "$(TARGET_NAME)";
				SWIFT_VERSION = 3.0;
			};
			name = Debug;
		};
		B8EED1CD1DB79C3800B9DAFE /* Release */ = {
			isa = XCBuildConfiguration;
			buildSettings = {
				ASSETCATALOG_COMPILER_APPICON_NAME = AppIcon;
				DEVELOPMENT_TEAM = KYSS7X6B2V;
				INFOPLIST_FILE = CodeHomeWork/Info.plist;
				LD_RUNPATH_SEARCH_PATHS = "$(inherited) @executable_path/Frameworks";
				PRODUCT_BUNDLE_IDENTIFIER = com.Jay.CodeHomeWork;
				PRODUCT_NAME = "$(TARGET_NAME)";
				SWIFT_VERSION = 3.0;
			};
			name = Release;
		};
/* End XCBuildConfiguration section */

/* Begin XCConfigurationList section */
		B8EED1B41DB79C3800B9DAFE /* Build configuration list for PBXProject "CodeHomeWork" */ = {
			isa = XCConfigurationList;
			buildConfigurations = (
				B8EED1C91DB79C3800B9DAFE /* Debug */,
				B8EED1CA1DB79C3800B9DAFE /* Release */,
			);
			defaultConfigurationIsVisible = 0;
			defaultConfigurationName = Release;
		};
		B8EED1CB1DB79C3800B9DAFE /* Build configuration list for PBXNativeTarget "CodeHomeWork" */ = {
			isa = XCConfigurationList;
			buildConfigurations = (
				B8EED1CC1DB79C3800B9DAFE /* Debug */,
				B8EED1CD1DB79C3800B9DAFE /* Release */,
			);
			defaultConfigurationIsVisible = 0;
		};
/* End XCConfigurationList section */
	};
	rootObject = B8EED1B11DB79C3800B9DAFE /* Project object */;
}
